{
    "name": "nodejs-portscanner",
    "version": "0.0.1",
    "lockfileVersion": 3,
    "requires": true,
    "packages": {
        "": {
            "name": "nodejs-portscanner",
            "version": "0.0.1",
            "license": "Unlicense",
            "bin": {
                "nodejs-portscanner": "scanner.js"
            },
            "engines": {
                "node": ">=25.0.0"
            }
        }
    }
}
